
Microsoft Visual Studio Solution File, Format Version 12.00
# Visual Studio Version 16
VisualStudioVersion = 16.0.31205.134
MinimumVisualStudioVersion = 10.0.40219.1
Project("{FAE04EC0-301F-11D3-BF4B-00C04F79EFBC}") = "MPOnew", "MPOnew\MPOnew.csproj", "{A038585A-7ABE-430A-A818-E4ECBDD9EA39}"
EndProject
Global
	GlobalSection(SolutionConfigurationPlatforms) = preSolution
		Debug|Any CPU = Debug|Any CPU
		Release|Any CPU = Release|Any CPU
	EndGlobalSection
	GlobalSection(ProjectConfigurationPlatforms) = postSolution
		{A038585A-7ABE-430A-A818-E4ECBDD9EA39}.Debug|Any CPU.ActiveCfg = Debug|Any CPU
		{A038585A-7ABE-430A-A818-E4ECBDD9EA39}.Debug|Any CPU.Build.0 = Debug|Any CPU
		{A038585A-7ABE-430A-A818-E4ECBDD9EA39}.Release|Any CPU.ActiveCfg = Release|Any CPU
		{A038585A-7ABE-430A-A818-E4ECBDD9EA39}.Release|Any CPU.Build.0 = Release|Any CPU
	EndGlobalSection
	GlobalSection(SolutionProperties) = preSolution
		HideSolutionNode = FALSE
	EndGlobalSection
	GlobalSection(ExtensibilityGlobals) = postSolution
		SolutionGuid = {F55EEF2B-A2F3-43A3-BB4D-D0AC80F6670C}
	EndGlobalSection
EndGlobal
